// !$*UTF8*$!
{
	archiveVersion = 1;
	classes = {
	};
	objectVersion = 48;
	objects = {

/* Begin PBXBuildFile section */
		4AA00FC51FEED7D8004BC1AC /* AppDelegate.swift in Sources */ = {isa = PBXBuildFile; fileRef = 4AA00FC41FEED7D8004BC1AC /* AppDelegate.swift */; };
		4AA00FC71FEED7D8004BC1AC /* ViewController.swift in Sources */ = {isa = PBXBuildFile; fileRef = 4AA00FC61FEED7D8004BC1AC /* ViewController.swift */; };
		4AA00FCA1FEED7D8004BC1AC /* Main.storyboard in Resources */ = {isa = PBXBuildFile; fileRef = 4AA00FC81FEED7D8004BC1AC /* Main.storyboard */; };
		4AA00FCC1FEED7D8004BC1AC /* Assets.xcassets in Resources */ = {isa = PBXBuildFile; fileRef = 4AA00FCB1FEED7D8004BC1AC /* Assets.xcassets */; };
		4AD413001FF464A800895B6F /* ImagesViewController.swift in Sources */ = {isa = PBXBuildFile; fileRef = 4AD412FF1FF464A800895B6F /* ImagesViewController.swift */; };
		4AD6B5221FF5DA36009E3CA5 /* SwiftyJSON.swift in Sources */ = {isa = PBXBuildFile; fileRef = 4AD6B5211FF5DA35009E3CA5 /* SwiftyJSON.swift */; };
/* End PBXBuildFile section */

/* Begin PBXFileReference section */
		4AA00FC11FEED7D8004BC1AC /* RandomlyBeautiful.app */ = {isa = PBXFileReference; explicitFileType = wrapper.application; includeInIndex = 0; path = RandomlyBeautiful.app; sourceTree = BUILT_PRODUCTS_DIR; };
		4AA00FC41FEED7D8004BC1AC /* AppDelegate.swift */ = {isa = PBXFileReference; lastKnownFileType = sourcecode.swift; path = AppDelegate.swift; sourceTree = "<group>"; };
		4AA00FC61FEED7D8004BC1AC /* ViewController.swift */ = {isa = PBXFileReference; lastKnownFileType = sourcecode.swift; path = ViewController.swift; sourceTree = "<group>"; };
		4AA00FC91FEED7D8004BC1AC /* Base */ = {isa = PBXFileReference; lastKnownFileType = file.storyboard; name = Base; path = Base.lproj/Main.storyboard; sourceTree = "<group>"; };
		4AA00FCB1FEED7D8004BC1AC /* Assets.xcassets */ = {isa = PBXFileReference; lastKnownFileType = folder.assetcatalog; path = Assets.xcassets; sourceTree = "<group>"; };
		4AA00FCD1FEED7D8004BC1AC /* Info.plist */ = {isa = PBXFileReference; lastKnownFileType = text.plist.xml; path = Info.plist; sourceTree = "<group>"; };
		4AD412FF1FF464A800895B6F /* ImagesViewController.swift */ = {isa = PBXFileReference; lastKnownFileType = sourcecode.swift; path = ImagesViewController.swift; sourceTree = "<group>"; };
		4AD6B5211FF5DA35009E3CA5 /* SwiftyJSON.swift */ = {isa = PBXFileReference; fileEncoding = 4; lastKnownFileType = sourcecode.swift; path = SwiftyJSON.swift; sourceTree = "<group>"; };
/* End PBXFileReference section */

/* Begin PBXFrameworksBuildPhase section */
		4AA00FBE1FEED7D8004BC1AC /* Frameworks */ = {
			isa = PBXFrameworksBuildPhase;
			buildActionMask = 2147483647;
			files = (
			);
			runOnlyForDeploymentPostprocessing = 0;
		};
/* End PBXFrameworksBuildPhase section */

/* Begin PBXGroup section */
		4AA00FB81FEED7D8004BC1AC = {
			isa = PBXGroup;
			children = (
				4AA00FC31FEED7D8004BC1AC /* RandomlyBeautiful */,
				4AA00FC21FEED7D8004BC1AC /* Products */,
			);
			sourceTree = "<group>";
		};
		4AA00FC21FEED7D8004BC1AC /* Products */ = {
			isa = PBXGroup;
			children = (
				4AA00FC11FEED7D8004BC1AC /* RandomlyBeautiful.app */,
			);
			name = Products;
			sourceTree = "<group>";
		};
		4AA00FC31FEED7D8004BC1AC /* RandomlyBeautiful */ = {
			isa = PBXGroup;
			children = (
				4AD413011FF464B400895B6F /* ViewControllers */,
				4AA00FC41FEED7D8004BC1AC /* AppDelegate.swift */,
				4AD6B5211FF5DA35009E3CA5 /* SwiftyJSON.swift */,
				4AA00FC81FEED7D8004BC1AC /* Main.storyboard */,
				4AA00FCB1FEED7D8004BC1AC /* Assets.xcassets */,
				4AA00FCD1FEED7D8004BC1AC /* Info.plist */,
			);
			path = RandomlyBeautiful;
			sourceTree = "<group>";
		};
		4AD413011FF464B400895B6F /* ViewControllers */ = {
			isa = PBXGroup;
			children = (
				4AA00FC61FEED7D8004BC1AC /* ViewController.swift */,
				4AD412FF1FF464A800895B6F /* ImagesViewController.swift */,
			);
			path = ViewControllers;
			sourceTree = "<group>";
		};
/* End PBXGroup section */

/* Begin PBXNativeTarget section */
		4AA00FC01FEED7D8004BC1AC /* RandomlyBeautiful */ = {
			isa = PBXNativeTarget;
			buildConfigurationList = 4AA00FD01FEED7D8004BC1AC /* Build configuration list for PBXNativeTarget "RandomlyBeautiful" */;
			buildPhases = (
				4AA00FBD1FEED7D8004BC1AC /* Sources */,
				4AA00FBE1FEED7D8004BC1AC /* Frameworks */,
				4AA00FBF1FEED7D8004BC1AC /* Resources */,
			);
			buildRules = (
			);
			dependencies = (
			);
			name = RandomlyBeautiful;
			productName = RandomlyBeautiful;
			productReference = 4AA00FC11FEED7D8004BC1AC /* RandomlyBeautiful.app */;
			productType = "com.apple.product-type.application";
		};
/* End PBXNativeTarget section */

/* Begin PBXProject section */
		4AA00FB91FEED7D8004BC1AC /* Project object */ = {
			isa = PBXProject;
			attributes = {
				LastSwiftUpdateCheck = 0920;
				LastUpgradeCheck = 0920;
				ORGANIZATIONNAME = "Mohammed Al-Dahleh";
				TargetAttributes = {
					4AA00FC01FEED7D8004BC1AC = {
						CreatedOnToolsVersion = 9.2;
						ProvisioningStyle = Automatic;
					};
				};
			};
			buildConfigurationList = 4AA00FBC1FEED7D8004BC1AC /* Build configuration list for PBXProject "RandomlyBeautiful" */;
			compatibilityVersion = "Xcode 8.0";
			developmentRegion = en;
			hasScannedForEncodings = 0;
			knownRegions = (
				en,
				Base,
			);
			mainGroup = 4AA00FB81FEED7D8004BC1AC;
			productRefGroup = 4AA00FC21FEED7D8004BC1AC /* Products */;
			projectDirPath = "";
			projectRoot = "";
			targets = (
				4AA00FC01FEED7D8004BC1AC /* RandomlyBeautiful */,
			);
		};
/* End PBXProject section */

/* Begin PBXResourcesBuildPhase section */
		4AA00FBF1FEED7D8004BC1AC /* Resources */ = {
			isa = PBXResourcesBuildPhase;
			buildActionMask = 2147483647;
			files = (
				4AA00FCC1FEED7D8004BC1AC /* Assets.xcassets in Resources */,
				4AA00FCA1FEED7D8004BC1AC /* Main.storyboard in Resources */,
			);
			runOnlyForDeploymentPostprocessing = 0;
		};
/* End PBXResourcesBuildPhase section */

/* Begin PBXSourcesBuildPhase section */
		4AA00FBD1FEED7D8004BC1AC /* Sources */ = {
			isa = PBXSourcesBuildPhase;
			buildActionMask = 2147483647;
			files = (
				4AD413001FF464A800895B6F /* ImagesViewController.swift in Sources */,
				4AA00FC71FEED7D8004BC1AC /* ViewController.swift in Sources */,
				4AA00FC51FEED7D8004BC1AC /* AppDelegate.swift in Sources */,
				4AD6B5221FF5DA36009E3CA5 /* SwiftyJSON.swift in Sources */,
			);
			runOnlyForDeploymentPostprocessing = 0;
		};
/* End PBXSourcesBuildPhase section */

/* Begin PBXVariantGroup section */
		4AA00FC81FEED7D8004BC1AC /* Main.storyboard */ = {
			isa = PBXVariantGroup;
			children = (
				4AA00FC91FEED7D8004BC1AC /* Base */,
			);
			name = Main.storyboard;
			sourceTree = "<group>";
		};
/* End PBXVariantGroup section */

/* Begin XCBuildConfiguration section */
		4AA00FCE1FEED7D8004BC1AC /* Debug */ = {
			isa = XCBuildConfiguration;
			buildSettings = {
				ALWAYS_SEARCH_USER_PATHS = NO;
				CLANG_ANALYZER_NONNULL = YES;
				CLANG_ANALYZER_NUMBER_OBJECT_CONVERSION = YES_AGGRESSIVE;
				CLANG_CXX_LANGUAGE_STANDARD = "gnu++14";
				CLANG_CXX_LIBRARY = "libc++";
				CLANG_ENABLE_MODULES = YES;
				CLANG_ENABLE_OBJC_ARC = YES;
				CLANG_WARN_BLOCK_CAPTURE_AUTORELEASING = YES;
				CLANG_WARN_BOOL_CONVERSION = YES;
				CLANG_WARN_COMMA = YES;
				CLANG_WARN_CONSTANT_CONVERSION = YES;
				CLANG_WARN_DIRECT_OBJC_ISA_USAGE = YES_ERROR;
				CLANG_WARN_DOCUMENTATION_COMMENTS = YES;
				CLANG_WARN_EMPTY_BODY = YES;
				CLANG_WARN_ENUM_CONVERSION = YES;
				CLANG_WARN_INFINITE_RECURSION = YES;
				CLANG_WARN_INT_CONVERSION = YES;
				CLANG_WARN_NON_LITERAL_NULL_CONVERSION = YES;
				CLANG_WARN_OBJC_LITERAL_CONVERSION = YES;
				CLANG_WARN_OBJC_ROOT_CLASS = YES_ERROR;
				CLANG_WARN_RANGE_LOOP_ANALYSIS = YES;
				CLANG_WARN_STRICT_PROTOTYPES = YES;
				CLANG_WARN_SUSPICIOUS_MOVE = YES;
				CLANG_WARN_UNGUARDED_AVAILABILITY = YES_AGGRESSIVE;
				CLANG_WARN_UNREACHABLE_CODE = YES;
				CLANG_WARN__DUPLICATE_METHOD_MATCH = YES;
				COPY_PHASE_STRIP = NO;
				DEBUG_INFORMATION_FORMAT = dwarf;
				ENABLE_STRICT_OBJC_MSGSEND = YES;
				ENABLE_TESTABILITY = YES;
				GCC_C_LANGUAGE_STANDARD = gnu11;
				GCC_DYNAMIC_NO_PIC = NO;
				GCC_NO_COMMON_BLOCKS = YES;
				GCC_OPTIMIZATION_LEVEL = 0;
				GCC_PREPROCESSOR_DEFINITIONS = (
					"DEBUG=1",
					"$(inherited)",
				);
				GCC_WARN_64_TO_32_BIT_CONVERSION = YES;
				GCC_WARN_ABOUT_RETURN_TYPE = YES_ERROR;
				GCC_WARN_UNDECLARED_SELECTOR = YES;
				GCC_WARN_UNINITIALIZED_AUTOS = YES_AGGRESSIVE;
				GCC_WARN_UNUSED_FUNCTION = YES;
				GCC_WARN_UNUSED_VARIABLE = YES;
				MTL_ENABLE_DEBUG_INFO = YES;
				ONLY_ACTIVE_ARCH = YES;
				SDKROOT = appletvos;
				SWIFT_ACTIVE_COMPILATION_CONDITIONS = DEBUG;
				SWIFT_OPTIMIZATION_LEVEL = "-Onone";
				TVOS_DEPLOYMENT_TARGET = 11.2;
			};
			name = Debug;
		};
		4AA00FCF1FEED7D8004BC1AC /* Release */ = {
			isa = XCBuildConfiguration;
			buildSettings = {
				ALWAYS_SEARCH_USER_PATHS = NO;
				CLANG_ANALYZER_NONNULL = YES;
				CLANG_ANALYZER_NUMBER_OBJECT_CONVERSION = YES_AGGRESSIVE;
				CLANG_CXX_LANGUAGE_STANDARD = "gnu++14";
				CLANG_CXX_LIBRARY = "libc++";
				CLANG_ENABLE_MODULES = YES;
				CLANG_ENABLE_OBJC_ARC = YES;
				CLANG_WARN_BLOCK_CAPTURE_AUTORELEASING = YES;
				CLANG_WARN_BOOL_CONVERSION = YES;
				CLANG_WARN_COMMA = YES;
				CLANG_WARN_CONSTANT_CONVERSION = YES;
				CLANG_WARN_DIRECT_OBJC_ISA_USAGE = YES_ERROR;
				CLANG_WARN_DOCUMENTATION_COMMENTS = YES;
				CLANG_WARN_EMPTY_BODY = YES;
				CLANG_WARN_ENUM_CONVERSION = YES;
				CLANG_WARN_INFINITE_RECURSION = YES;
				CLANG_WARN_INT_CONVERSION = YES;
				CLANG_WARN_NON_LITERAL_NULL_CONVERSION = YES;
				CLANG_WARN_OBJC_LITERAL_CONVERSION = YES;
				CLANG_WARN_OBJC_ROOT_CLASS = YES_ERROR;
				CLANG_WARN_RANGE_LOOP_ANALYSIS = YES;
				CLANG_WARN_STRICT_PROTOTYPES = YES;
				CLANG_WARN_SUSPICIOUS_MOVE = YES;
				CLANG_WARN_UNGUARDED_AVAILABILITY = YES_AGGRESSIVE;
				CLANG_WARN_UNREACHABLE_CODE = YES;
				CLANG_WARN__DUPLICATE_METHOD_MATCH = YES;
				COPY_PHASE_STRIP = NO;
				DEBUG_INFORMATION_FORMAT = "dwarf-with-dsym";
				ENABLE_NS_ASSERTIONS = NO;
				ENABLE_STRICT_OBJC_MSGSEND = YES;
				GCC_C_LANGUAGE_STANDARD = gnu11;
				GCC_NO_COMMON_BLOCKS = YES;
				GCC_WARN_64_TO_32_BIT_CONVERSION = YES;
				GCC_WARN_ABOUT_RETURN_TYPE = YES_ERROR;
				GCC_WARN_UNDECLARED_SELECTOR = YES;
				GCC_WARN_UNINITIALIZED_AUTOS = YES_AGGRESSIVE;
				GCC_WARN_UNUSED_FUNCTION = YES;
				GCC_WARN_UNUSED_VARIABLE = YES;
				MTL_ENABLE_DEBUG_INFO = NO;
				SDKROOT = appletvos;
				SWIFT_OPTIMIZATION_LEVEL = "-Owholemodule";
				TVOS_DEPLOYMENT_TARGET = 11.2;
				VALIDATE_PRODUCT = YES;
			};
			name = Release;
		};
		4AA00FD11FEED7D8004BC1AC /* Debug */ = {
			isa = XCBuildConfiguration;
			buildSettings = {
				ASSETCATALOG_COMPILER_APPICON_NAME = "App Icon & Top Shelf Image";
				ASSETCATALOG_COMPILER_LAUNCHIMAGE_NAME = LaunchImage;
				CODE_SIGN_STYLE = Automatic;
				DEVELOPMENT_TEAM = BK6SYNX968;
				INFOPLIST_FILE = RandomlyBeautiful/Info.plist;
				LD_RUNPATH_SEARCH_PATHS = "$(inherited) @executable_path/Frameworks";
				PRODUCT_BUNDLE_IDENTIFIER = io.maldahleh.RandomlyBeautiful;
				PRODUCT_NAME = "$(TARGET_NAME)";
				SWIFT_VERSION = 4.0;
				TARGETED_DEVICE_FAMILY = 3;
			};
			name = Debug;
		};
		4AA00FD21FEED7D8004BC1AC /* Release */ = {
			isa = XCBuildConfiguration;
			buildSettings = {
				ASSETCATALOG_COMPILER_APPICON_NAME = "App Icon & Top Shelf Image";
				ASSETCATALOG_COMPILER_LAUNCHIMAGE_NAME = LaunchImage;
				CODE_SIGN_STYLE = Automatic;
				DEVELOPMENT_TEAM = BK6SYNX968;
				INFOPLIST_FILE = RandomlyBeautiful/Info.plist;
				LD_RUNPATH_SEARCH_PATHS = "$(inherited) @executable_path/Frameworks";
				PRODUCT_BUNDLE_IDENTIFIER = io.maldahleh.RandomlyBeautiful;
				PRODUCT_NAME = "$(TARGET_NAME)";
				SWIFT_VERSION = 4.0;
				TARGETED_DEVICE_FAMILY = 3;
			};
			name = Release;
		};
/* End XCBuildConfiguration section */

/* Begin XCConfigurationList section */
		4AA00FBC1FEED7D8004BC1AC /* Build configuration list for PBXProject "RandomlyBeautiful" */ = {
			isa = XCConfigurationList;
			buildConfigurations = (
				4AA00FCE1FEED7D8004BC1AC /* Debug */,
				4AA00FCF1FEED7D8004BC1AC /* Release */,
			);
			defaultConfigurationIsVisible = 0;
			defaultConfigurationName = Release;
		};
		4AA00FD01FEED7D8004BC1AC /* Build configuration list for PBXNativeTarget "RandomlyBeautiful" */ = {
			isa = XCConfigurationList;
			buildConfigurations = (
				4AA00FD11FEED7D8004BC1AC /* Debug */,
				4AA00FD21FEED7D8004BC1AC /* Release */,
			);
			defaultConfigurationIsVisible = 0;
			defaultConfigurationName = Release;
		};
/* End XCConfigurationList section */
	};
	rootObject = 4AA00FB91FEED7D8004BC1AC /* Project object */;
}
